
Microsoft Visual Studio Solution File, Format Version 12.00
# Visual Studio Version 16
VisualStudioVersion = 16.0.30717.126
MinimumVisualStudioVersion = 10.0.40219.1
Project("{2150E333-8FDC-42A3-9474-1A3956D46DE8}") = "DependProject", "DependProject", "{99776494-D247-4DA6-BEFF-0C583B73F6EB}"
EndProject
Project("{2150E333-8FDC-42A3-9474-1A3956D46DE8}") = "Services", "Services", "{A7D9C0E1-4EBD-424E-A9BB-83AFFF92F24D}"
EndProject
Project("{9A19103F-16F7-4668-BE54-9A1E7A4F7556}") = "JWTAuthorizePolicy", "JWTAuthorizePolicy\JWTAuthorizePolicy.csproj", "{95183864-E409-4C74-BF18-98AED29D09F0}"
EndProject
Project("{9A19103F-16F7-4668-BE54-9A1E7A4F7556}") = "AuthenticationService", "AuthenticationService\AuthenticationService.csproj", "{07FCD15E-FAB3-4F1E-8F6D-48D049D34AEF}"
EndProject
Project("{9A19103F-16F7-4668-BE54-9A1E7A4F7556}") = "OcelotGatewayService", "OcelotGatewayService\OcelotGatewayService.csproj", "{0D8B50EC-2A2F-4D57-BB86-D7647E1BE833}"
EndProject
Project("{9A19103F-16F7-4668-BE54-9A1E7A4F7556}") = "BasicsService", "BasicsService\BasicsService.csproj", "{F699F3DA-4868-4A4B-A432-F006E11802CC}"
EndProject
Project("{9A19103F-16F7-4668-BE54-9A1E7A4F7556}") = "BackGroundService", "BackGroundService\BackGroundService.csproj", "{0BFE0A29-EECF-48F9-83C7-CCB943532838}"
EndProject
Project("{9A19103F-16F7-4668-BE54-9A1E7A4F7556}") = "InpatientService", "InpatientService\InpatientService.csproj", "{A447FD7E-489A-4EFB-A529-8AA4AC3A310A}"
EndProject
Project("{2150E333-8FDC-42A3-9474-1A3956D46DE8}") = "Client", "Client", "{64DA1AAB-306F-46C6-AA15-C0A0F540EFAD}"
EndProject
Project("{9A19103F-16F7-4668-BE54-9A1E7A4F7556}") = "ConsoleClient", "ConsoleClient\ConsoleClient.csproj", "{B0B882DF-C855-4A02-95B6-498EA67B628F}"
EndProject
Project("{9A19103F-16F7-4668-BE54-9A1E7A4F7556}") = "InvoicingService", "InvoicingService\InvoicingService.csproj", "{0ADD7753-25FF-4CB2-9856-6BA348BEEBF1}"
EndProject
Project("{9A19103F-16F7-4668-BE54-9A1E7A4F7556}") = "OutpatientService", "OutpatientService\OutpatientService.csproj", "{258845CD-D9F0-42E1-B431-21AB1FCAF29B}"
EndProject
Project("{9A19103F-16F7-4668-BE54-9A1E7A4F7556}") = "SettlementService", "SettlementService\SettlementService.csproj", "{1BD144C2-1C1E-42E1-BD55-A4EBD63C4E97}"
EndProject
Project("{FAE04EC0-301F-11D3-BF4B-00C04F79EFBC}") = "ServiceBasic", "ServiceBasic\ServiceBasic.csproj", "{250B64AD-E433-4192-9A81-8AD5A76A40C9}"
EndProject
Project("{FAE04EC0-301F-11D3-BF4B-00C04F79EFBC}") = "Common", "Common\Common.csproj", "{26385DE7-2268-4F93-91C2-9A40C69116B3}"
EndProject
Project("{FAE04EC0-301F-11D3-BF4B-00C04F79EFBC}") = "DataBasic", "DataBasic\DataBasic.csproj", "{AC5F5974-631F-4DC5-B089-E5E534F6AE8B}"
EndProject
Global
	GlobalSection(SolutionConfigurationPlatforms) = preSolution
		Debug|Any CPU = Debug|Any CPU
		Release|Any CPU = Release|Any CPU
	EndGlobalSection
	GlobalSection(ProjectConfigurationPlatforms) = postSolution
		{95183864-E409-4C74-BF18-98AED29D09F0}.Debug|Any CPU.ActiveCfg = Debug|Any CPU
		{95183864-E409-4C74-BF18-98AED29D09F0}.Debug|Any CPU.Build.0 = Debug|Any CPU
		{95183864-E409-4C74-BF18-98AED29D09F0}.Release|Any CPU.ActiveCfg = Release|Any CPU
		{95183864-E409-4C74-BF18-98AED29D09F0}.Release|Any CPU.Build.0 = Release|Any CPU
		{07FCD15E-FAB3-4F1E-8F6D-48D049D34AEF}.Debug|Any CPU.ActiveCfg = Debug|Any CPU
		{07FCD15E-FAB3-4F1E-8F6D-48D049D34AEF}.Debug|Any CPU.Build.0 = Debug|Any CPU
		{07FCD15E-FAB3-4F1E-8F6D-48D049D34AEF}.Release|Any CPU.ActiveCfg = Release|Any CPU
		{07FCD15E-FAB3-4F1E-8F6D-48D049D34AEF}.Release|Any CPU.Build.0 = Release|Any CPU
		{0D8B50EC-2A2F-4D57-BB86-D7647E1BE833}.Debug|Any CPU.ActiveCfg = Debug|Any CPU
		{0D8B50EC-2A2F-4D57-BB86-D7647E1BE833}.Debug|Any CPU.Build.0 = Debug|Any CPU
		{0D8B50EC-2A2F-4D57-BB86-D7647E1BE833}.Release|Any CPU.ActiveCfg = Release|Any CPU
		{0D8B50EC-2A2F-4D57-BB86-D7647E1BE833}.Release|Any CPU.Build.0 = Release|Any CPU
		{F699F3DA-4868-4A4B-A432-F006E11802CC}.Debug|Any CPU.ActiveCfg = Debug|Any CPU
		{F699F3DA-4868-4A4B-A432-F006E11802CC}.Debug|Any CPU.Build.0 = Debug|Any CPU
		{F699F3DA-4868-4A4B-A432-F006E11802CC}.Release|Any CPU.ActiveCfg = Release|Any CPU
		{F699F3DA-4868-4A4B-A432-F006E11802CC}.Release|Any CPU.Build.0 = Release|Any CPU
		{0BFE0A29-EECF-48F9-83C7-CCB943532838}.Debug|Any CPU.ActiveCfg = Debug|Any CPU
		{0BFE0A29-EECF-48F9-83C7-CCB943532838}.Debug|Any CPU.Build.0 = Debug|Any CPU
		{0BFE0A29-EECF-48F9-83C7-CCB943532838}.Release|Any CPU.ActiveCfg = Release|Any CPU
		{0BFE0A29-EECF-48F9-83C7-CCB943532838}.Release|Any CPU.Build.0 = Release|Any CPU
		{A447FD7E-489A-4EFB-A529-8AA4AC3A310A}.Debug|Any CPU.ActiveCfg = Debug|Any CPU
		{A447FD7E-489A-4EFB-A529-8AA4AC3A310A}.Debug|Any CPU.Build.0 = Debug|Any CPU
		{A447FD7E-489A-4EFB-A529-8AA4AC3A310A}.Release|Any CPU.ActiveCfg = Release|Any CPU
		{A447FD7E-489A-4EFB-A529-8AA4AC3A310A}.Release|Any CPU.Build.0 = Release|Any CPU
		{B0B882DF-C855-4A02-95B6-498EA67B628F}.Debug|Any CPU.ActiveCfg = Debug|Any CPU
		{B0B882DF-C855-4A02-95B6-498EA67B628F}.Debug|Any CPU.Build.0 = Debug|Any CPU
		{B0B882DF-C855-4A02-95B6-498EA67B628F}.Release|Any CPU.ActiveCfg = Release|Any CPU
		{B0B882DF-C855-4A02-95B6-498EA67B628F}.Release|Any CPU.Build.0 = Release|Any CPU
		{0ADD7753-25FF-4CB2-9856-6BA348BEEBF1}.Debug|Any CPU.ActiveCfg = Debug|Any CPU
		{0ADD7753-25FF-4CB2-9856-6BA348BEEBF1}.Debug|Any CPU.Build.0 = Debug|Any CPU
		{0ADD7753-25FF-4CB2-9856-6BA348BEEBF1}.Release|Any CPU.ActiveCfg = Release|Any CPU
		{0ADD7753-25FF-4CB2-9856-6BA348BEEBF1}.Release|Any CPU.Build.0 = Release|Any CPU
		{258845CD-D9F0-42E1-B431-21AB1FCAF29B}.Debug|Any CPU.ActiveCfg = Debug|Any CPU
		{258845CD-D9F0-42E1-B431-21AB1FCAF29B}.Debug|Any CPU.Build.0 = Debug|Any CPU
		{258845CD-D9F0-42E1-B431-21AB1FCAF29B}.Release|Any CPU.ActiveCfg = Release|Any CPU
		{258845CD-D9F0-42E1-B431-21AB1FCAF29B}.Release|Any CPU.Build.0 = Release|Any CPU
		{1BD144C2-1C1E-42E1-BD55-A4EBD63C4E97}.Debug|Any CPU.ActiveCfg = Debug|Any CPU
		{1BD144C2-1C1E-42E1-BD55-A4EBD63C4E97}.Debug|Any CPU.Build.0 = Debug|Any CPU
		{1BD144C2-1C1E-42E1-BD55-A4EBD63C4E97}.Release|Any CPU.ActiveCfg = Release|Any CPU
		{1BD144C2-1C1E-42E1-BD55-A4EBD63C4E97}.Release|Any CPU.Build.0 = Release|Any CPU
		{250B64AD-E433-4192-9A81-8AD5A76A40C9}.Debug|Any CPU.ActiveCfg = Debug|Any CPU
		{250B64AD-E433-4192-9A81-8AD5A76A40C9}.Debug|Any CPU.Build.0 = Debug|Any CPU
		{250B64AD-E433-4192-9A81-8AD5A76A40C9}.Release|Any CPU.ActiveCfg = Release|Any CPU
		{250B64AD-E433-4192-9A81-8AD5A76A40C9}.Release|Any CPU.Build.0 = Release|Any CPU
		{26385DE7-2268-4F93-91C2-9A40C69116B3}.Debug|Any CPU.ActiveCfg = Debug|Any CPU
		{26385DE7-2268-4F93-91C2-9A40C69116B3}.Debug|Any CPU.Build.0 = Debug|Any CPU
		{26385DE7-2268-4F93-91C2-9A40C69116B3}.Release|Any CPU.ActiveCfg = Release|Any CPU
		{26385DE7-2268-4F93-91C2-9A40C69116B3}.Release|Any CPU.Build.0 = Release|Any CPU
		{AC5F5974-631F-4DC5-B089-E5E534F6AE8B}.Debug|Any CPU.ActiveCfg = Debug|Any CPU
		{AC5F5974-631F-4DC5-B089-E5E534F6AE8B}.Debug|Any CPU.Build.0 = Debug|Any CPU
		{AC5F5974-631F-4DC5-B089-E5E534F6AE8B}.Release|Any CPU.ActiveCfg = Release|Any CPU
		{AC5F5974-631F-4DC5-B089-E5E534F6AE8B}.Release|Any CPU.Build.0 = Release|Any CPU
	EndGlobalSection
	GlobalSection(SolutionProperties) = preSolution
		HideSolutionNode = FALSE
	EndGlobalSection
	GlobalSection(NestedProjects) = preSolution
		{95183864-E409-4C74-BF18-98AED29D09F0} = {99776494-D247-4DA6-BEFF-0C583B73F6EB}
		{07FCD15E-FAB3-4F1E-8F6D-48D049D34AEF} = {A7D9C0E1-4EBD-424E-A9BB-83AFFF92F24D}
		{0D8B50EC-2A2F-4D57-BB86-D7647E1BE833} = {A7D9C0E1-4EBD-424E-A9BB-83AFFF92F24D}
		{F699F3DA-4868-4A4B-A432-F006E11802CC} = {A7D9C0E1-4EBD-424E-A9BB-83AFFF92F24D}
		{0BFE0A29-EECF-48F9-83C7-CCB943532838} = {A7D9C0E1-4EBD-424E-A9BB-83AFFF92F24D}
		{A447FD7E-489A-4EFB-A529-8AA4AC3A310A} = {A7D9C0E1-4EBD-424E-A9BB-83AFFF92F24D}
		{B0B882DF-C855-4A02-95B6-498EA67B628F} = {64DA1AAB-306F-46C6-AA15-C0A0F540EFAD}
		{0ADD7753-25FF-4CB2-9856-6BA348BEEBF1} = {A7D9C0E1-4EBD-424E-A9BB-83AFFF92F24D}
		{258845CD-D9F0-42E1-B431-21AB1FCAF29B} = {A7D9C0E1-4EBD-424E-A9BB-83AFFF92F24D}
		{1BD144C2-1C1E-42E1-BD55-A4EBD63C4E97} = {A7D9C0E1-4EBD-424E-A9BB-83AFFF92F24D}
		{250B64AD-E433-4192-9A81-8AD5A76A40C9} = {99776494-D247-4DA6-BEFF-0C583B73F6EB}
		{26385DE7-2268-4F93-91C2-9A40C69116B3} = {99776494-D247-4DA6-BEFF-0C583B73F6EB}
		{AC5F5974-631F-4DC5-B089-E5E534F6AE8B} = {99776494-D247-4DA6-BEFF-0C583B73F6EB}
	EndGlobalSection
	GlobalSection(ExtensibilityGlobals) = postSolution
		SolutionGuid = {F257BF12-2F4A-4D0E-A404-1886A68B7B61}
	EndGlobalSection
EndGlobal
